// !$*UTF8*$!
{
	archiveVersion = 1;
	classes = {
	};
	objectVersion = 46;
	objects = {

/* Begin PBXBuildFile section */
		877318A11F2CEAA800F0428A /* CBMenuLinearAnimator.swift in Sources */ = {isa = PBXBuildFile; fileRef = 877318A01F2CEAA800F0428A /* CBMenuLinearAnimator.swift */; settings = {ASSET_TAGS = (); }; };
		87733D681F264C5800D3B928 /* BackgroundView.swift in Sources */ = {isa = PBXBuildFile; fileRef = 87733D671F264C5800D3B928 /* BackgroundView.swift */; settings = {ASSET_TAGS = (); }; };
		87A087F11F2CDB060038BC79 /* CBMenuAnimatorDelegate.swift in Sources */ = {isa = PBXBuildFile; fileRef = 87A087F01F2CDB060038BC79 /* CBMenuAnimatorDelegate.swift */; settings = {ASSET_TAGS = (); }; };
		87BC020C1F2DE18400C61DFF /* CBMenuCircularAnimator.swift in Sources */ = {isa = PBXBuildFile; fileRef = 87BC020B1F2DE18400C61DFF /* CBMenuCircularAnimator.swift */; settings = {ASSET_TAGS = (); }; };
		87E0D3E01F24BE7B00945A14 /* CBMenu.swift in Sources */ = {isa = PBXBuildFile; fileRef = 87E0D3DF1F24BE7B00945A14 /* CBMenu.swift */; settings = {ASSET_TAGS = (); }; };
		87E0D3E31F24CCAE00945A14 /* CBMenuItem.swift in Sources */ = {isa = PBXBuildFile; fileRef = 87E0D3E21F24CCAE00945A14 /* CBMenuItem.swift */; settings = {ASSET_TAGS = (); }; };
		87E0D3E51F255A4200945A14 /* Extensions.swift in Sources */ = {isa = PBXBuildFile; fileRef = 87E0D3E41F255A4100945A14 /* Extensions.swift */; settings = {ASSET_TAGS = (); }; };
		87E97F681F1FF2C7002001E6 /* AppDelegate.swift in Sources */ = {isa = PBXBuildFile; fileRef = 87E97F671F1FF2C7002001E6 /* AppDelegate.swift */; };
		87E97F6A1F1FF2C7002001E6 /* ViewController.swift in Sources */ = {isa = PBXBuildFile; fileRef = 87E97F691F1FF2C7002001E6 /* ViewController.swift */; };
		87E97F6D1F1FF2C7002001E6 /* Main.storyboard in Resources */ = {isa = PBXBuildFile; fileRef = 87E97F6B1F1FF2C7002001E6 /* Main.storyboard */; };
		87E97F6F1F1FF2C7002001E6 /* Assets.xcassets in Resources */ = {isa = PBXBuildFile; fileRef = 87E97F6E1F1FF2C7002001E6 /* Assets.xcassets */; };
		87E97F721F1FF2C7002001E6 /* LaunchScreen.storyboard in Resources */ = {isa = PBXBuildFile; fileRef = 87E97F701F1FF2C7002001E6 /* LaunchScreen.storyboard */; };
/* End PBXBuildFile section */

/* Begin PBXFileReference section */
		877318A01F2CEAA800F0428A /* CBMenuLinearAnimator.swift */ = {isa = PBXFileReference; fileEncoding = 4; lastKnownFileType = sourcecode.swift; path = CBMenuLinearAnimator.swift; sourceTree = "<group>"; };
		87733D671F264C5800D3B928 /* BackgroundView.swift */ = {isa = PBXFileReference; fileEncoding = 4; lastKnownFileType = sourcecode.swift; path = BackgroundView.swift; sourceTree = "<group>"; };
		87A087F01F2CDB060038BC79 /* CBMenuAnimatorDelegate.swift */ = {isa = PBXFileReference; fileEncoding = 4; lastKnownFileType = sourcecode.swift; path = CBMenuAnimatorDelegate.swift; sourceTree = "<group>"; };
		87BC020B1F2DE18400C61DFF /* CBMenuCircularAnimator.swift */ = {isa = PBXFileReference; fileEncoding = 4; lastKnownFileType = sourcecode.swift; path = CBMenuCircularAnimator.swift; sourceTree = "<group>"; };
		87E0D3DF1F24BE7B00945A14 /* CBMenu.swift */ = {isa = PBXFileReference; fileEncoding = 4; lastKnownFileType = sourcecode.swift; path = CBMenu.swift; sourceTree = "<group>"; };
		87E0D3E21F24CCAE00945A14 /* CBMenuItem.swift */ = {isa = PBXFileReference; fileEncoding = 4; lastKnownFileType = sourcecode.swift; path = CBMenuItem.swift; sourceTree = "<group>"; };
		87E0D3E41F255A4100945A14 /* Extensions.swift */ = {isa = PBXFileReference; fileEncoding = 4; lastKnownFileType = sourcecode.swift; path = Extensions.swift; sourceTree = "<group>"; };
		87E97F641F1FF2C7002001E6 /* WheelView.app */ = {isa = PBXFileReference; explicitFileType = wrapper.application; includeInIndex = 0; path = WheelView.app; sourceTree = BUILT_PRODUCTS_DIR; };
		87E97F671F1FF2C7002001E6 /* AppDelegate.swift */ = {isa = PBXFileReference; lastKnownFileType = sourcecode.swift; path = AppDelegate.swift; sourceTree = "<group>"; };
		87E97F691F1FF2C7002001E6 /* ViewController.swift */ = {isa = PBXFileReference; lastKnownFileType = sourcecode.swift; path = ViewController.swift; sourceTree = "<group>"; };
		87E97F6C1F1FF2C7002001E6 /* Base */ = {isa = PBXFileReference; lastKnownFileType = file.storyboard; name = Base; path = Base.lproj/Main.storyboard; sourceTree = "<group>"; };
		87E97F6E1F1FF2C7002001E6 /* Assets.xcassets */ = {isa = PBXFileReference; lastKnownFileType = folder.assetcatalog; path = Assets.xcassets; sourceTree = "<group>"; };
		87E97F711F1FF2C7002001E6 /* Base */ = {isa = PBXFileReference; lastKnownFileType = file.storyboard; name = Base; path = Base.lproj/LaunchScreen.storyboard; sourceTree = "<group>"; };
		87E97F731F1FF2C7002001E6 /* Info.plist */ = {isa = PBXFileReference; lastKnownFileType = text.plist.xml; path = Info.plist; sourceTree = "<group>"; };
/* End PBXFileReference section */

/* Begin PBXFrameworksBuildPhase section */
		87E97F611F1FF2C7002001E6 /* Frameworks */ = {
			isa = PBXFrameworksBuildPhase;
			buildActionMask = 2147483647;
			files = (
			);
			runOnlyForDeploymentPostprocessing = 0;
		};
/* End PBXFrameworksBuildPhase section */

/* Begin PBXGroup section */
		87E0D3E11F24CC8B00945A14 /* CBMenu */ = {
			isa = PBXGroup;
			children = (
				87E0D3DF1F24BE7B00945A14 /* CBMenu.swift */,
				87E0D3E21F24CCAE00945A14 /* CBMenuItem.swift */,
				87733D671F264C5800D3B928 /* BackgroundView.swift */,
				87A087F01F2CDB060038BC79 /* CBMenuAnimatorDelegate.swift */,
				877318A01F2CEAA800F0428A /* CBMenuLinearAnimator.swift */,
				87BC020B1F2DE18400C61DFF /* CBMenuCircularAnimator.swift */,
			);
			name = CBMenu;
			sourceTree = "<group>";
		};
		87E97F5B1F1FF2C7002001E6 = {
			isa = PBXGroup;
			children = (
				87E97F661F1FF2C7002001E6 /* WheelView */,
				87E97F651F1FF2C7002001E6 /* Products */,
			);
			sourceTree = "<group>";
		};
		87E97F651F1FF2C7002001E6 /* Products */ = {
			isa = PBXGroup;
			children = (
				87E97F641F1FF2C7002001E6 /* WheelView.app */,
			);
			name = Products;
			sourceTree = "<group>";
		};
		87E97F661F1FF2C7002001E6 /* WheelView */ = {
			isa = PBXGroup;
			children = (
				87E97F671F1FF2C7002001E6 /* AppDelegate.swift */,
				87E97F691F1FF2C7002001E6 /* ViewController.swift */,
				87E97F6B1F1FF2C7002001E6 /* Main.storyboard */,
				87E97F6E1F1FF2C7002001E6 /* Assets.xcassets */,
				87E97F701F1FF2C7002001E6 /* LaunchScreen.storyboard */,
				87E97F731F1FF2C7002001E6 /* Info.plist */,
				87E0D3E11F24CC8B00945A14 /* CBMenu */,
				87E0D3E41F255A4100945A14 /* Extensions.swift */,
			);
			path = WheelView;
			sourceTree = "<group>";
		};
/* End PBXGroup section */

/* Begin PBXNativeTarget section */
		87E97F631F1FF2C7002001E6 /* WheelView */ = {
			isa = PBXNativeTarget;
			buildConfigurationList = 87E97F761F1FF2C7002001E6 /* Build configuration list for PBXNativeTarget "WheelView" */;
			buildPhases = (
				87E97F601F1FF2C7002001E6 /* Sources */,
				87E97F611F1FF2C7002001E6 /* Frameworks */,
				87E97F621F1FF2C7002001E6 /* Resources */,
			);
			buildRules = (
			);
			dependencies = (
			);
			name = WheelView;
			productName = WheelView;
			productReference = 87E97F641F1FF2C7002001E6 /* WheelView.app */;
			productType = "com.apple.product-type.application";
		};
/* End PBXNativeTarget section */

/* Begin PBXProject section */
		87E97F5C1F1FF2C7002001E6 /* Project object */ = {
			isa = PBXProject;
			attributes = {
				LastUpgradeCheck = 0700;
				ORGANIZATIONNAME = "Vladyslav Shepitko";
				TargetAttributes = {
					87E97F631F1FF2C7002001E6 = {
						CreatedOnToolsVersion = 7.0;
						DevelopmentTeam = 52R582CQR2;
					};
				};
			};
			buildConfigurationList = 87E97F5F1F1FF2C7002001E6 /* Build configuration list for PBXProject "WheelView" */;
			compatibilityVersion = "Xcode 3.2";
			developmentRegion = English;
			hasScannedForEncodings = 0;
			knownRegions = (
				en,
				Base,
			);
			mainGroup = 87E97F5B1F1FF2C7002001E6;
			productRefGroup = 87E97F651F1FF2C7002001E6 /* Products */;
			projectDirPath = "";
			projectRoot = "";
			targets = (
				87E97F631F1FF2C7002001E6 /* WheelView */,
			);
		};
/* End PBXProject section */

/* Begin PBXResourcesBuildPhase section */
		87E97F621F1FF2C7002001E6 /* Resources */ = {
			isa = PBXResourcesBuildPhase;
			buildActionMask = 2147483647;
			files = (
				87E97F721F1FF2C7002001E6 /* LaunchScreen.storyboard in Resources */,
				87E97F6F1F1FF2C7002001E6 /* Assets.xcassets in Resources */,
				87E97F6D1F1FF2C7002001E6 /* Main.storyboard in Resources */,
			);
			runOnlyForDeploymentPostprocessing = 0;
		};
/* End PBXResourcesBuildPhase section */

/* Begin PBXSourcesBuildPhase section */
		87E97F601F1FF2C7002001E6 /* Sources */ = {
			isa = PBXSourcesBuildPhase;
			buildActionMask = 2147483647;
			files = (
				87733D681F264C5800D3B928 /* BackgroundView.swift in Sources */,
				877318A11F2CEAA800F0428A /* CBMenuLinearAnimator.swift in Sources */,
				87E0D3E51F255A4200945A14 /* Extensions.swift in Sources */,
				87A087F11F2CDB060038BC79 /* CBMenuAnimatorDelegate.swift in Sources */,
				87E0D3E31F24CCAE00945A14 /* CBMenuItem.swift in Sources */,
				87E0D3E01F24BE7B00945A14 /* CBMenu.swift in Sources */,
				87E97F6A1F1FF2C7002001E6 /* ViewController.swift in Sources */,
				87BC020C1F2DE18400C61DFF /* CBMenuCircularAnimator.swift in Sources */,
				87E97F681F1FF2C7002001E6 /* AppDelegate.swift in Sources */,
			);
			runOnlyForDeploymentPostprocessing = 0;
		};
/* End PBXSourcesBuildPhase section */

/* Begin PBXVariantGroup section */
		87E97F6B1F1FF2C7002001E6 /* Main.storyboard */ = {
			isa = PBXVariantGroup;
			children = (
				87E97F6C1F1FF2C7002001E6 /* Base */,
			);
			name = Main.storyboard;
			sourceTree = "<group>";
		};
		87E97F701F1FF2C7002001E6 /* LaunchScreen.storyboard */ = {
			isa = PBXVariantGroup;
			children = (
				87E97F711F1FF2C7002001E6 /* Base */,
			);
			name = LaunchScreen.storyboard;
			sourceTree = "<group>";
		};
/* End PBXVariantGroup section */

/* Begin XCBuildConfiguration section */
		87E97F741F1FF2C7002001E6 /* Debug */ = {
			isa = XCBuildConfiguration;
			buildSettings = {
				ALWAYS_SEARCH_USER_PATHS = NO;
				CLANG_CXX_LANGUAGE_STANDARD = "gnu++0x";
				CLANG_CXX_LIBRARY = "libc++";
				CLANG_ENABLE_MODULES = YES;
				CLANG_ENABLE_OBJC_ARC = YES;
				CLANG_WARN_BOOL_CONVERSION = YES;
				CLANG_WARN_CONSTANT_CONVERSION = YES;
				CLANG_WARN_DIRECT_OBJC_ISA_USAGE = YES_ERROR;
				CLANG_WARN_EMPTY_BODY = YES;
				CLANG_WARN_ENUM_CONVERSION = YES;
				CLANG_WARN_INT_CONVERSION = YES;
				CLANG_WARN_OBJC_ROOT_CLASS = YES_ERROR;
				CLANG_WARN_UNREACHABLE_CODE = YES;
				CLANG_WARN__DUPLICATE_METHOD_MATCH = YES;
				"CODE_SIGN_IDENTITY[sdk=iphoneos*]" = "iPhone Developer";
				COPY_PHASE_STRIP = NO;
				DEBUG_INFORMATION_FORMAT = dwarf;
				ENABLE_STRICT_OBJC_MSGSEND = YES;
				ENABLE_TESTABILITY = YES;
				GCC_C_LANGUAGE_STANDARD = gnu99;
				GCC_DYNAMIC_NO_PIC = NO;
				GCC_NO_COMMON_BLOCKS = YES;
				GCC_OPTIMIZATION_LEVEL = 0;
				GCC_PREPROCESSOR_DEFINITIONS = (
					"DEBUG=1",
					"$(inherited)",
				);
				GCC_WARN_64_TO_32_BIT_CONVERSION = YES;
				GCC_WARN_ABOUT_RETURN_TYPE = YES_ERROR;
				GCC_WARN_UNDECLARED_SELECTOR = YES;
				GCC_WARN_UNINITIALIZED_AUTOS = YES_AGGRESSIVE;
				GCC_WARN_UNUSED_FUNCTION = YES;
				GCC_WARN_UNUSED_VARIABLE = YES;
				IPHONEOS_DEPLOYMENT_TARGET = 9.0;
				MTL_ENABLE_DEBUG_INFO = YES;
				ONLY_ACTIVE_ARCH = YES;
				SDKROOT = iphoneos;
				SWIFT_OPTIMIZATION_LEVEL = "-Onone";
			};
			name = Debug;
		};
		87E97F751F1FF2C7002001E6 /* Release */ = {
			isa = XCBuildConfiguration;
			buildSettings = {
				ALWAYS_SEARCH_USER_PATHS = NO;
				CLANG_CXX_LANGUAGE_STANDARD = "gnu++0x";
				CLANG_CXX_LIBRARY = "libc++";
				CLANG_ENABLE_MODULES = YES;
				CLANG_ENABLE_OBJC_ARC = YES;
				CLANG_WARN_BOOL_CONVERSION = YES;
				CLANG_WARN_CONSTANT_CONVERSION = YES;
				CLANG_WARN_DIRECT_OBJC_ISA_USAGE = YES_ERROR;
				CLANG_WARN_EMPTY_BODY = YES;
				CLANG_WARN_ENUM_CONVERSION = YES;
				CLANG_WARN_INT_CONVERSION = YES;
				CLANG_WARN_OBJC_ROOT_CLASS = YES_ERROR;
				CLANG_WARN_UNREACHABLE_CODE = YES;
				CLANG_WARN__DUPLICATE_METHOD_MATCH = YES;
				"CODE_SIGN_IDENTITY[sdk=iphoneos*]" = "iPhone Developer";
				COPY_PHASE_STRIP = NO;
				DEBUG_INFORMATION_FORMAT = "dwarf-with-dsym";
				ENABLE_NS_ASSERTIONS = NO;
				ENABLE_STRICT_OBJC_MSGSEND = YES;
				GCC_C_LANGUAGE_STANDARD = gnu99;
				GCC_NO_COMMON_BLOCKS = YES;
				GCC_WARN_64_TO_32_BIT_CONVERSION = YES;
				GCC_WARN_ABOUT_RETURN_TYPE = YES_ERROR;
				GCC_WARN_UNDECLARED_SELECTOR = YES;
				GCC_WARN_UNINITIALIZED_AUTOS = YES_AGGRESSIVE;
				GCC_WARN_UNUSED_FUNCTION = YES;
				GCC_WARN_UNUSED_VARIABLE = YES;
				IPHONEOS_DEPLOYMENT_TARGET = 9.0;
				MTL_ENABLE_DEBUG_INFO = NO;
				SDKROOT = iphoneos;
				VALIDATE_PRODUCT = YES;
			};
			name = Release;
		};
		87E97F771F1FF2C7002001E6 /* Debug */ = {
			isa = XCBuildConfiguration;
			buildSettings = {
				ASSETCATALOG_COMPILER_APPICON_NAME = AppIcon;
				INFOPLIST_FILE = WheelView/Info.plist;
				LD_RUNPATH_SEARCH_PATHS = "$(inherited) @executable_path/Frameworks";
				PRODUCT_BUNDLE_IDENTIFIER = VladyslavShepitko.WheelView;
				PRODUCT_NAME = "$(TARGET_NAME)";
			};
			name = Debug;
		};
		87E97F781F1FF2C7002001E6 /* Release */ = {
			isa = XCBuildConfiguration;
			buildSettings = {
				ASSETCATALOG_COMPILER_APPICON_NAME = AppIcon;
				INFOPLIST_FILE = WheelView/Info.plist;
				LD_RUNPATH_SEARCH_PATHS = "$(inherited) @executable_path/Frameworks";
				PRODUCT_BUNDLE_IDENTIFIER = VladyslavShepitko.WheelView;
				PRODUCT_NAME = "$(TARGET_NAME)";
			};
			name = Release;
		};
/* End XCBuildConfiguration section */

/* Begin XCConfigurationList section */
		87E97F5F1F1FF2C7002001E6 /* Build configuration list for PBXProject "WheelView" */ = {
			isa = XCConfigurationList;
			buildConfigurations = (
				87E97F741F1FF2C7002001E6 /* Debug */,
				87E97F751F1FF2C7002001E6 /* Release */,
			);
			defaultConfigurationIsVisible = 0;
			defaultConfigurationName = Release;
		};
		87E97F761F1FF2C7002001E6 /* Build configuration list for PBXNativeTarget "WheelView" */ = {
			isa = XCConfigurationList;
			buildConfigurations = (
				87E97F771F1FF2C7002001E6 /* Debug */,
				87E97F781F1FF2C7002001E6 /* Release */,
			);
			defaultConfigurationIsVisible = 0;
			defaultConfigurationName = Release;
		};
/* End XCConfigurationList section */
	};
	rootObject = 87E97F5C1F1FF2C7002001E6 /* Project object */;
}
